
Microsoft Visual Studio Solution File, Format Version 12.00
# Visual Studio Version 16
VisualStudioVersion = 16.0.30517.126
MinimumVisualStudioVersion = 10.0.40219.1
Project("{FAE04EC0-301F-11D3-BF4B-00C04F79EFBC}") = "BotVal", "BotVal\BotVal.csproj", "{381E314E-5146-40E2-9E15-97A8B3291C24}"
EndProject
Global
	GlobalSection(SolutionConfigurationPlatforms) = preSolution
		Debug|Any CPU = Debug|Any CPU
		Release|Any CPU = Release|Any CPU
	EndGlobalSection
	GlobalSection(ProjectConfigurationPlatforms) = postSolution
		{381E314E-5146-40E2-9E15-97A8B3291C24}.Debug|Any CPU.ActiveCfg = Debug|Any CPU
		{381E314E-5146-40E2-9E15-97A8B3291C24}.Debug|Any CPU.Build.0 = Debug|Any CPU
		{381E314E-5146-40E2-9E15-97A8B3291C24}.Release|Any CPU.ActiveCfg = Release|Any CPU
		{381E314E-5146-40E2-9E15-97A8B3291C24}.Release|Any CPU.Build.0 = Release|Any CPU
	EndGlobalSection
	GlobalSection(SolutionProperties) = preSolution
		HideSolutionNode = FALSE
	EndGlobalSection
	GlobalSection(ExtensibilityGlobals) = postSolution
		SolutionGuid = {D2D279F2-1A57-4E58-B578-DA7E9347CE71}
	EndGlobalSection
EndGlobal
